
Microsoft Visual Studio Solution File, Format Version 11.00
# Visual Studio 2010
Project("{FAE04EC0-301F-11D3-BF4B-00C04F79EFBC}") = "Minifice", "Minifice\Minifice\Minifice.csproj", "{03552FE9-1281-48FF-B266-33A0EF41F188}"
EndProject
Project("{FAE04EC0-301F-11D3-BF4B-00C04F79EFBC}") = "MinificeContent", "Minifice\MinificeContent\MinificeContent.contentproj", "{3764B620-61A1-4EE3-B6DB-3917579828B7}"
EndProject
Project("{FAE04EC0-301F-11D3-BF4B-00C04F79EFBC}") = "Testowy Projekt", "Testowy Projekt\Testowy Projekt.csproj", "{8D4E65A7-6269-487A-AF32-A420C55ECACA}"
EndProject
Global
	GlobalSection(SubversionScc) = preSolution
		Svn-Managed = True
		Manager = AnkhSVN - Subversion Support for Visual Studio
	EndGlobalSection
	GlobalSection(SolutionConfigurationPlatforms) = preSolution
		Debug|x86 = Debug|x86
		Release|x86 = Release|x86
	EndGlobalSection
	GlobalSection(ProjectConfigurationPlatforms) = postSolution
		{03552FE9-1281-48FF-B266-33A0EF41F188}.Debug|x86.ActiveCfg = Debug|x86
		{03552FE9-1281-48FF-B266-33A0EF41F188}.Debug|x86.Build.0 = Debug|x86
		{03552FE9-1281-48FF-B266-33A0EF41F188}.Release|x86.ActiveCfg = Release|x86
		{03552FE9-1281-48FF-B266-33A0EF41F188}.Release|x86.Build.0 = Release|x86
		{3764B620-61A1-4EE3-B6DB-3917579828B7}.Debug|x86.ActiveCfg = Debug|x86
		{3764B620-61A1-4EE3-B6DB-3917579828B7}.Release|x86.ActiveCfg = Release|x86
		{8D4E65A7-6269-487A-AF32-A420C55ECACA}.Debug|x86.ActiveCfg = Debug|x86
		{8D4E65A7-6269-487A-AF32-A420C55ECACA}.Debug|x86.Build.0 = Debug|x86
		{8D4E65A7-6269-487A-AF32-A420C55ECACA}.Release|x86.ActiveCfg = Release|x86
		{8D4E65A7-6269-487A-AF32-A420C55ECACA}.Release|x86.Build.0 = Release|x86
	EndGlobalSection
	GlobalSection(SolutionProperties) = preSolution
		HideSolutionNode = FALSE
	EndGlobalSection
EndGlobal
